
Microsoft Visual Studio Solution File, Format Version 12.00
# Visual Studio for Mac
Project("{FAE04EC0-301F-11D3-BF4B-00C04F79EFBC}") = "Assembly-CSharp-firstpass", "Assembly-CSharp-firstpass.csproj", "{EB80B846-7669-C0DE-9632-07AED55F100C}"
EndProject
Project("{FAE04EC0-301F-11D3-BF4B-00C04F79EFBC}") = "Assembly-CSharp", "Assembly-CSharp.csproj", "{F92B54F3-B7C5-532F-3B2F-8C940414462E}"
EndProject
Project("{FAE04EC0-301F-11D3-BF4B-00C04F79EFBC}") = "Assembly-CSharp-Editor-firstpass", "Assembly-CSharp-Editor-firstpass.csproj", "{E10A3F78-CC8A-4757-32CC-655C5CA38454}"
EndProject
Global
	GlobalSection(SolutionConfigurationPlatforms) = preSolution
		Debug|Any CPU = Debug|Any CPU
		Release|Any CPU = Release|Any CPU
	EndGlobalSection
	GlobalSection(ProjectConfigurationPlatforms) = postSolution
		{EB80B846-7669-C0DE-9632-07AED55F100C}.Debug|Any CPU.ActiveCfg = Debug|Any CPU
		{EB80B846-7669-C0DE-9632-07AED55F100C}.Debug|Any CPU.Build.0 = Debug|Any CPU
		{EB80B846-7669-C0DE-9632-07AED55F100C}.Release|Any CPU.ActiveCfg = Release|Any CPU
		{EB80B846-7669-C0DE-9632-07AED55F100C}.Release|Any CPU.Build.0 = Release|Any CPU
		{F92B54F3-B7C5-532F-3B2F-8C940414462E}.Debug|Any CPU.ActiveCfg = Debug|Any CPU
		{F92B54F3-B7C5-532F-3B2F-8C940414462E}.Debug|Any CPU.Build.0 = Debug|Any CPU
		{F92B54F3-B7C5-532F-3B2F-8C940414462E}.Release|Any CPU.ActiveCfg = Release|Any CPU
		{F92B54F3-B7C5-532F-3B2F-8C940414462E}.Release|Any CPU.Build.0 = Release|Any CPU
		{E10A3F78-CC8A-4757-32CC-655C5CA38454}.Debug|Any CPU.ActiveCfg = Debug|Any CPU
		{E10A3F78-CC8A-4757-32CC-655C5CA38454}.Debug|Any CPU.Build.0 = Debug|Any CPU
		{E10A3F78-CC8A-4757-32CC-655C5CA38454}.Release|Any CPU.ActiveCfg = Release|Any CPU
		{E10A3F78-CC8A-4757-32CC-655C5CA38454}.Release|Any CPU.Build.0 = Release|Any CPU
	EndGlobalSection
	GlobalSection(SolutionProperties) = preSolution
		HideSolutionNode = FALSE
	EndGlobalSection
EndGlobal
